// !$*UTF8*$!
{
	archiveVersion = 1;
	classes = {
	};
	objectVersion = 46;
	objects = {

/* Begin PBXBuildFile section */
		1C88376A19A376DB00F5A05E /* SettingsController.swift in Sources */ = {isa = PBXBuildFile; fileRef = 1C88376919A376DB00F5A05E /* SettingsController.swift */; };
		1CE0618419A1A7170075B898 /* AppDelegate.swift in Sources */ = {isa = PBXBuildFile; fileRef = 1CE0618319A1A7170075B898 /* AppDelegate.swift */; };
		1CE0618619A1A7170075B898 /* ViewController.swift in Sources */ = {isa = PBXBuildFile; fileRef = 1CE0618519A1A7170075B898 /* ViewController.swift */; };
		1CE0618919A1A7170075B898 /* Main.storyboard in Resources */ = {isa = PBXBuildFile; fileRef = 1CE0618719A1A7170075B898 /* Main.storyboard */; };
		1CE0618B19A1A7170075B898 /* Images.xcassets in Resources */ = {isa = PBXBuildFile; fileRef = 1CE0618A19A1A7170075B898 /* Images.xcassets */; };
		1CE0619719A1A7170075B898 /* tipsTests.swift in Sources */ = {isa = PBXBuildFile; fileRef = 1CE0619619A1A7170075B898 /* tipsTests.swift */; };
		1CF5216F19A1D28D00C26518 /* TipsHelpers.swift in Sources */ = {isa = PBXBuildFile; fileRef = 1CF5216E19A1D28D00C26518 /* TipsHelpers.swift */; };
		1CF5217019A1D2A000C26518 /* TipsHelpers.swift in Sources */ = {isa = PBXBuildFile; fileRef = 1CF5216E19A1D28D00C26518 /* TipsHelpers.swift */; };
		1CF5217319A1D5E600C26518 /* tipsHelpersTests.swift in Sources */ = {isa = PBXBuildFile; fileRef = 1CF5217219A1D5E600C26518 /* tipsHelpersTests.swift */; };
/* End PBXBuildFile section */

/* Begin PBXContainerItemProxy section */
		1CE0619119A1A7170075B898 /* PBXContainerItemProxy */ = {
			isa = PBXContainerItemProxy;
			containerPortal = 1CE0617619A1A7170075B898 /* Project object */;
			proxyType = 1;
			remoteGlobalIDString = 1CE0617D19A1A7170075B898;
			remoteInfo = tips;
		};
/* End PBXContainerItemProxy section */

/* Begin PBXFileReference section */
		1C88376919A376DB00F5A05E /* SettingsController.swift */ = {isa = PBXFileReference; fileEncoding = 4; lastKnownFileType = sourcecode.swift; path = SettingsController.swift; sourceTree = "<group>"; };
		1CE0617E19A1A7170075B898 /* tips.app */ = {isa = PBXFileReference; explicitFileType = wrapper.application; includeInIndex = 0; path = tips.app; sourceTree = BUILT_PRODUCTS_DIR; };
		1CE0618219A1A7170075B898 /* Info.plist */ = {isa = PBXFileReference; lastKnownFileType = text.plist.xml; path = Info.plist; sourceTree = "<group>"; };
		1CE0618319A1A7170075B898 /* AppDelegate.swift */ = {isa = PBXFileReference; lastKnownFileType = sourcecode.swift; path = AppDelegate.swift; sourceTree = "<group>"; };
		1CE0618519A1A7170075B898 /* ViewController.swift */ = {isa = PBXFileReference; lastKnownFileType = sourcecode.swift; path = ViewController.swift; sourceTree = "<group>"; };
		1CE0618819A1A7170075B898 /* Base */ = {isa = PBXFileReference; lastKnownFileType = file.storyboard; name = Base; path = Base.lproj/Main.storyboard; sourceTree = "<group>"; };
		1CE0618A19A1A7170075B898 /* Images.xcassets */ = {isa = PBXFileReference; lastKnownFileType = folder.assetcatalog; path = Images.xcassets; sourceTree = "<group>"; };
		1CE0619019A1A7170075B898 /* tipsTests.xctest */ = {isa = PBXFileReference; explicitFileType = wrapper.cfbundle; includeInIndex = 0; path = tipsTests.xctest; sourceTree = BUILT_PRODUCTS_DIR; };
		1CE0619519A1A7170075B898 /* Info.plist */ = {isa = PBXFileReference; lastKnownFileType = text.plist.xml; path = Info.plist; sourceTree = "<group>"; };
		1CE0619619A1A7170075B898 /* tipsTests.swift */ = {isa = PBXFileReference; lastKnownFileType = sourcecode.swift; path = tipsTests.swift; sourceTree = "<group>"; };
		1CF5216E19A1D28D00C26518 /* TipsHelpers.swift */ = {isa = PBXFileReference; fileEncoding = 4; lastKnownFileType = sourcecode.swift; path = TipsHelpers.swift; sourceTree = "<group>"; };
		1CF5217219A1D5E600C26518 /* tipsHelpersTests.swift */ = {isa = PBXFileReference; fileEncoding = 4; lastKnownFileType = sourcecode.swift; path = tipsHelpersTests.swift; sourceTree = "<group>"; };
/* End PBXFileReference section */

/* Begin PBXFrameworksBuildPhase section */
		1CE0617B19A1A7170075B898 /* Frameworks */ = {
			isa = PBXFrameworksBuildPhase;
			buildActionMask = 2147483647;
			files = (
			);
			runOnlyForDeploymentPostprocessing = 0;
		};
		1CE0618D19A1A7170075B898 /* Frameworks */ = {
			isa = PBXFrameworksBuildPhase;
			buildActionMask = 2147483647;
			files = (
			);
			runOnlyForDeploymentPostprocessing = 0;
		};
/* End PBXFrameworksBuildPhase section */

/* Begin PBXGroup section */
		1CE0617519A1A7170075B898 = {
			isa = PBXGroup;
			children = (
				1CE0618019A1A7170075B898 /* tips */,
				1CE0619319A1A7170075B898 /* tipsTests */,
				1CE0617F19A1A7170075B898 /* Products */,
			);
			sourceTree = "<group>";
		};
		1CE0617F19A1A7170075B898 /* Products */ = {
			isa = PBXGroup;
			children = (
				1CE0617E19A1A7170075B898 /* tips.app */,
				1CE0619019A1A7170075B898 /* tipsTests.xctest */,
			);
			name = Products;
			sourceTree = "<group>";
		};
		1CE0618019A1A7170075B898 /* tips */ = {
			isa = PBXGroup;
			children = (
				1CE0618319A1A7170075B898 /* AppDelegate.swift */,
				1C88376919A376DB00F5A05E /* SettingsController.swift */,
				1CF5216E19A1D28D00C26518 /* TipsHelpers.swift */,
				1CE0618519A1A7170075B898 /* ViewController.swift */,
				1CE0618719A1A7170075B898 /* Main.storyboard */,
				1CE0618A19A1A7170075B898 /* Images.xcassets */,
				1CE0618119A1A7170075B898 /* Supporting Files */,
			);
			path = tips;
			sourceTree = "<group>";
		};
		1CE0618119A1A7170075B898 /* Supporting Files */ = {
			isa = PBXGroup;
			children = (
				1CE0618219A1A7170075B898 /* Info.plist */,
			);
			name = "Supporting Files";
			sourceTree = "<group>";
		};
		1CE0619319A1A7170075B898 /* tipsTests */ = {
			isa = PBXGroup;
			children = (
				1CE0619619A1A7170075B898 /* tipsTests.swift */,
				1CF5217219A1D5E600C26518 /* tipsHelpersTests.swift */,
				1CE0619419A1A7170075B898 /* Supporting Files */,
			);
			path = tipsTests;
			sourceTree = "<group>";
		};
		1CE0619419A1A7170075B898 /* Supporting Files */ = {
			isa = PBXGroup;
			children = (
				1CE0619519A1A7170075B898 /* Info.plist */,
			);
			name = "Supporting Files";
			sourceTree = "<group>";
		};
/* End PBXGroup section */

/* Begin PBXNativeTarget section */
		1CE0617D19A1A7170075B898 /* tips */ = {
			isa = PBXNativeTarget;
			buildConfigurationList = 1CE0619A19A1A7170075B898 /* Build configuration list for PBXNativeTarget "tips" */;
			buildPhases = (
				1CE0617A19A1A7170075B898 /* Sources */,
				1CE0617B19A1A7170075B898 /* Frameworks */,
				1CE0617C19A1A7170075B898 /* Resources */,
			);
			buildRules = (
			);
			dependencies = (
			);
			name = tips;
			productName = tips;
			productReference = 1CE0617E19A1A7170075B898 /* tips.app */;
			productType = "com.apple.product-type.application";
		};
		1CE0618F19A1A7170075B898 /* tipsTests */ = {
			isa = PBXNativeTarget;
			buildConfigurationList = 1CE0619D19A1A7170075B898 /* Build configuration list for PBXNativeTarget "tipsTests" */;
			buildPhases = (
				1CE0618C19A1A7170075B898 /* Sources */,
				1CE0618D19A1A7170075B898 /* Frameworks */,
				1CE0618E19A1A7170075B898 /* Resources */,
			);
			buildRules = (
			);
			dependencies = (
				1CE0619219A1A7170075B898 /* PBXTargetDependency */,
			);
			name = tipsTests;
			productName = tipsTests;
			productReference = 1CE0619019A1A7170075B898 /* tipsTests.xctest */;
			productType = "com.apple.product-type.bundle.unit-test";
		};
/* End PBXNativeTarget section */

/* Begin PBXProject section */
		1CE0617619A1A7170075B898 /* Project object */ = {
			isa = PBXProject;
			attributes = {
				LastUpgradeCheck = 0600;
				ORGANIZATIONNAME = "Jesse Smith";
				TargetAttributes = {
					1CE0617D19A1A7170075B898 = {
						CreatedOnToolsVersion = 6.0;
					};
					1CE0618F19A1A7170075B898 = {
						CreatedOnToolsVersion = 6.0;
						TestTargetID = 1CE0617D19A1A7170075B898;
					};
				};
			};
			buildConfigurationList = 1CE0617919A1A7170075B898 /* Build configuration list for PBXProject "tips" */;
			compatibilityVersion = "Xcode 3.2";
			developmentRegion = English;
			hasScannedForEncodings = 0;
			knownRegions = (
				en,
				Base,
			);
			mainGroup = 1CE0617519A1A7170075B898;
			productRefGroup = 1CE0617F19A1A7170075B898 /* Products */;
			projectDirPath = "";
			projectRoot = "";
			targets = (
				1CE0617D19A1A7170075B898 /* tips */,
				1CE0618F19A1A7170075B898 /* tipsTests */,
			);
		};
/* End PBXProject section */

/* Begin PBXResourcesBuildPhase section */
		1CE0617C19A1A7170075B898 /* Resources */ = {
			isa = PBXResourcesBuildPhase;
			buildActionMask = 2147483647;
			files = (
				1CE0618919A1A7170075B898 /* Main.storyboard in Resources */,
				1CE0618B19A1A7170075B898 /* Images.xcassets in Resources */,
			);
			runOnlyForDeploymentPostprocessing = 0;
		};
		1CE0618E19A1A7170075B898 /* Resources */ = {
			isa = PBXResourcesBuildPhase;
			buildActionMask = 2147483647;
			files = (
			);
			runOnlyForDeploymentPostprocessing = 0;
		};
/* End PBXResourcesBuildPhase section */

/* Begin PBXSourcesBuildPhase section */
		1CE0617A19A1A7170075B898 /* Sources */ = {
			isa = PBXSourcesBuildPhase;
			buildActionMask = 2147483647;
			files = (
				1C88376A19A376DB00F5A05E /* SettingsController.swift in Sources */,
				1CE0618619A1A7170075B898 /* ViewController.swift in Sources */,
				1CE0618419A1A7170075B898 /* AppDelegate.swift in Sources */,
				1CF5216F19A1D28D00C26518 /* TipsHelpers.swift in Sources */,
			);
			runOnlyForDeploymentPostprocessing = 0;
		};
		1CE0618C19A1A7170075B898 /* Sources */ = {
			isa = PBXSourcesBuildPhase;
			buildActionMask = 2147483647;
			files = (
				1CE0619719A1A7170075B898 /* tipsTests.swift in Sources */,
				1CF5217319A1D5E600C26518 /* tipsHelpersTests.swift in Sources */,
				1CF5217019A1D2A000C26518 /* TipsHelpers.swift in Sources */,
			);
			runOnlyForDeploymentPostprocessing = 0;
		};
/* End PBXSourcesBuildPhase section */

/* Begin PBXTargetDependency section */
		1CE0619219A1A7170075B898 /* PBXTargetDependency */ = {
			isa = PBXTargetDependency;
			target = 1CE0617D19A1A7170075B898 /* tips */;
			targetProxy = 1CE0619119A1A7170075B898 /* PBXContainerItemProxy */;
		};
/* End PBXTargetDependency section */

/* Begin PBXVariantGroup section */
		1CE0618719A1A7170075B898 /* Main.storyboard */ = {
			isa = PBXVariantGroup;
			children = (
				1CE0618819A1A7170075B898 /* Base */,
			);
			name = Main.storyboard;
			sourceTree = "<group>";
		};
/* End PBXVariantGroup section */

/* Begin XCBuildConfiguration section */
		1CE0619819A1A7170075B898 /* Debug */ = {
			isa = XCBuildConfiguration;
			buildSettings = {
				ALWAYS_SEARCH_USER_PATHS = NO;
				CLANG_CXX_LANGUAGE_STANDARD = "gnu++0x";
				CLANG_CXX_LIBRARY = "libc++";
				CLANG_ENABLE_MODULES = YES;
				CLANG_ENABLE_OBJC_ARC = YES;
				CLANG_WARN_BOOL_CONVERSION = YES;
				CLANG_WARN_CONSTANT_CONVERSION = YES;
				CLANG_WARN_DIRECT_OBJC_ISA_USAGE = YES_ERROR;
				CLANG_WARN_EMPTY_BODY = YES;
				CLANG_WARN_ENUM_CONVERSION = YES;
				CLANG_WARN_INT_CONVERSION = YES;
				CLANG_WARN_OBJC_ROOT_CLASS = YES_ERROR;
				CLANG_WARN_UNREACHABLE_CODE = YES;
				CLANG_WARN__DUPLICATE_METHOD_MATCH = YES;
				"CODE_SIGN_IDENTITY[sdk=iphoneos*]" = "iPhone Developer";
				COPY_PHASE_STRIP = NO;
				ENABLE_STRICT_OBJC_MSGSEND = YES;
				GCC_C_LANGUAGE_STANDARD = gnu99;
				GCC_DYNAMIC_NO_PIC = NO;
				GCC_OPTIMIZATION_LEVEL = 0;
				GCC_PREPROCESSOR_DEFINITIONS = (
					"DEBUG=1",
					"$(inherited)",
				);
				GCC_SYMBOLS_PRIVATE_EXTERN = NO;
				GCC_WARN_64_TO_32_BIT_CONVERSION = YES;
				GCC_WARN_ABOUT_RETURN_TYPE = YES_ERROR;
				GCC_WARN_UNDECLARED_SELECTOR = YES;
				GCC_WARN_UNINITIALIZED_AUTOS = YES_AGGRESSIVE;
				GCC_WARN_UNUSED_FUNCTION = YES;
				GCC_WARN_UNUSED_VARIABLE = YES;
				IPHONEOS_DEPLOYMENT_TARGET = 8.0;
				MTL_ENABLE_DEBUG_INFO = YES;
				ONLY_ACTIVE_ARCH = YES;
				SDKROOT = iphoneos;
				SWIFT_OPTIMIZATION_LEVEL = "-Onone";
			};
			name = Debug;
		};
		1CE0619919A1A7170075B898 /* Release */ = {
			isa = XCBuildConfiguration;
			buildSettings = {
				ALWAYS_SEARCH_USER_PATHS = NO;
				CLANG_CXX_LANGUAGE_STANDARD = "gnu++0x";
				CLANG_CXX_LIBRARY = "libc++";
				CLANG_ENABLE_MODULES = YES;
				CLANG_ENABLE_OBJC_ARC = YES;
				CLANG_WARN_BOOL_CONVERSION = YES;
				CLANG_WARN_CONSTANT_CONVERSION = YES;
				CLANG_WARN_DIRECT_OBJC_ISA_USAGE = YES_ERROR;
				CLANG_WARN_EMPTY_BODY = YES;
				CLANG_WARN_ENUM_CONVERSION = YES;
				CLANG_WARN_INT_CONVERSION = YES;
				CLANG_WARN_OBJC_ROOT_CLASS = YES_ERROR;
				CLANG_WARN_UNREACHABLE_CODE = YES;
				CLANG_WARN__DUPLICATE_METHOD_MATCH = YES;
				"CODE_SIGN_IDENTITY[sdk=iphoneos*]" = "iPhone Developer";
				COPY_PHASE_STRIP = YES;
				ENABLE_NS_ASSERTIONS = NO;
				ENABLE_STRICT_OBJC_MSGSEND = YES;
				GCC_C_LANGUAGE_STANDARD = gnu99;
				GCC_WARN_64_TO_32_BIT_CONVERSION = YES;
				GCC_WARN_ABOUT_RETURN_TYPE = YES_ERROR;
				GCC_WARN_UNDECLARED_SELECTOR = YES;
				GCC_WARN_UNINITIALIZED_AUTOS = YES_AGGRESSIVE;
				GCC_WARN_UNUSED_FUNCTION = YES;
				GCC_WARN_UNUSED_VARIABLE = YES;
				IPHONEOS_DEPLOYMENT_TARGET = 8.0;
				MTL_ENABLE_DEBUG_INFO = NO;
				SDKROOT = iphoneos;
				VALIDATE_PRODUCT = YES;
			};
			name = Release;
		};
		1CE0619B19A1A7170075B898 /* Debug */ = {
			isa = XCBuildConfiguration;
			buildSettings = {
				ASSETCATALOG_COMPILER_APPICON_NAME = AppIcon;
				ASSETCATALOG_COMPILER_LAUNCHIMAGE_NAME = LaunchImage;
				INFOPLIST_FILE = tips/Info.plist;
				LD_RUNPATH_SEARCH_PATHS = "$(inherited) @executable_path/Frameworks";
				PRODUCT_NAME = "$(TARGET_NAME)";
			};
			name = Debug;
		};
		1CE0619C19A1A7170075B898 /* Release */ = {
			isa = XCBuildConfiguration;
			buildSettings = {
				ASSETCATALOG_COMPILER_APPICON_NAME = AppIcon;
				ASSETCATALOG_COMPILER_LAUNCHIMAGE_NAME = LaunchImage;
				INFOPLIST_FILE = tips/Info.plist;
				LD_RUNPATH_SEARCH_PATHS = "$(inherited) @executable_path/Frameworks";
				PRODUCT_NAME = "$(TARGET_NAME)";
			};
			name = Release;
		};
		1CE0619E19A1A7170075B898 /* Debug */ = {
			isa = XCBuildConfiguration;
			buildSettings = {
				BUNDLE_LOADER = "$(BUILT_PRODUCTS_DIR)/tips.app/tips";
				FRAMEWORK_SEARCH_PATHS = (
					"$(SDKROOT)/Developer/Library/Frameworks",
					"$(inherited)",
				);
				GCC_PREPROCESSOR_DEFINITIONS = (
					"DEBUG=1",
					"$(inherited)",
				);
				INFOPLIST_FILE = tipsTests/Info.plist;
				LD_RUNPATH_SEARCH_PATHS = "$(inherited) @executable_path/Frameworks @loader_path/Frameworks";
				PRODUCT_NAME = "$(TARGET_NAME)";
				TEST_HOST = "$(BUNDLE_LOADER)";
			};
			name = Debug;
		};
		1CE0619F19A1A7170075B898 /* Release */ = {
			isa = XCBuildConfiguration;
			buildSettings = {
				BUNDLE_LOADER = "$(BUILT_PRODUCTS_DIR)/tips.app/tips";
				FRAMEWORK_SEARCH_PATHS = (
					"$(SDKROOT)/Developer/Library/Frameworks",
					"$(inherited)",
				);
				INFOPLIST_FILE = tipsTests/Info.plist;
				LD_RUNPATH_SEARCH_PATHS = "$(inherited) @executable_path/Frameworks @loader_path/Frameworks";
				PRODUCT_NAME = "$(TARGET_NAME)";
				TEST_HOST = "$(BUNDLE_LOADER)";
			};
			name = Release;
		};
/* End XCBuildConfiguration section */

/* Begin XCConfigurationList section */
		1CE0617919A1A7170075B898 /* Build configuration list for PBXProject "tips" */ = {
			isa = XCConfigurationList;
			buildConfigurations = (
				1CE0619819A1A7170075B898 /* Debug */,
				1CE0619919A1A7170075B898 /* Release */,
			);
			defaultConfigurationIsVisible = 0;
			defaultConfigurationName = Release;
		};
		1CE0619A19A1A7170075B898 /* Build configuration list for PBXNativeTarget "tips" */ = {
			isa = XCConfigurationList;
			buildConfigurations = (
				1CE0619B19A1A7170075B898 /* Debug */,
				1CE0619C19A1A7170075B898 /* Release */,
			);
			defaultConfigurationIsVisible = 0;
			defaultConfigurationName = Release;
		};
		1CE0619D19A1A7170075B898 /* Build configuration list for PBXNativeTarget "tipsTests" */ = {
			isa = XCConfigurationList;
			buildConfigurations = (
				1CE0619E19A1A7170075B898 /* Debug */,
				1CE0619F19A1A7170075B898 /* Release */,
			);
			defaultConfigurationIsVisible = 0;
			defaultConfigurationName = Release;
		};
/* End XCConfigurationList section */
	};
	rootObject = 1CE0617619A1A7170075B898 /* Project object */;
}
